// !$*UTF8*$!
{
	archiveVersion = 1;
	classes = {
	};
	objectVersion = 55;
	objects = {

/* Begin PBXBuildFile section */
		25C8839428D780B7002E5ED3 /* PersonListSwiftUIApp.swift in Sources */ = {isa = PBXBuildFile; fileRef = 25C8839328D780B7002E5ED3 /* PersonListSwiftUIApp.swift */; };
		25C8839628D780B7002E5ED3 /* ContentView.swift in Sources */ = {isa = PBXBuildFile; fileRef = 25C8839528D780B7002E5ED3 /* ContentView.swift */; };
		25C8839828D780B7002E5ED3 /* Assets.xcassets in Resources */ = {isa = PBXBuildFile; fileRef = 25C8839728D780B7002E5ED3 /* Assets.xcassets */; };
		25C8839B28D780B7002E5ED3 /* Preview Assets.xcassets in Resources */ = {isa = PBXBuildFile; fileRef = 25C8839A28D780B7002E5ED3 /* Preview Assets.xcassets */; };
		25C883A328D7825A002E5ED3 /* DataManager.swift in Sources */ = {isa = PBXBuildFile; fileRef = 25C883A228D7825A002E5ED3 /* DataManager.swift */; };
		25C883A628D783B4002E5ED3 /* Person.swift in Sources */ = {isa = PBXBuildFile; fileRef = 25C883A528D783B4002E5ED3 /* Person.swift */; };
		25C883A828D786B4002E5ED3 /* Contacts.swift in Sources */ = {isa = PBXBuildFile; fileRef = 25C883A728D786B4002E5ED3 /* Contacts.swift */; };
		25C883AA28D786D5002E5ED3 /* Numbers.swift in Sources */ = {isa = PBXBuildFile; fileRef = 25C883A928D786D5002E5ED3 /* Numbers.swift */; };
/* End PBXBuildFile section */

/* Begin PBXFileReference section */
		25C8839028D780B7002E5ED3 /* PersonListSwiftUI.app */ = {isa = PBXFileReference; explicitFileType = wrapper.application; includeInIndex = 0; path = PersonListSwiftUI.app; sourceTree = BUILT_PRODUCTS_DIR; };
		25C8839328D780B7002E5ED3 /* PersonListSwiftUIApp.swift */ = {isa = PBXFileReference; lastKnownFileType = sourcecode.swift; path = PersonListSwiftUIApp.swift; sourceTree = "<group>"; };
		25C8839528D780B7002E5ED3 /* ContentView.swift */ = {isa = PBXFileReference; lastKnownFileType = sourcecode.swift; path = ContentView.swift; sourceTree = "<group>"; };
		25C8839728D780B7002E5ED3 /* Assets.xcassets */ = {isa = PBXFileReference; lastKnownFileType = folder.assetcatalog; path = Assets.xcassets; sourceTree = "<group>"; };
		25C8839A28D780B7002E5ED3 /* Preview Assets.xcassets */ = {isa = PBXFileReference; lastKnownFileType = folder.assetcatalog; path = "Preview Assets.xcassets"; sourceTree = "<group>"; };
		25C883A228D7825A002E5ED3 /* DataManager.swift */ = {isa = PBXFileReference; lastKnownFileType = sourcecode.swift; path = DataManager.swift; sourceTree = "<group>"; };
		25C883A528D783B4002E5ED3 /* Person.swift */ = {isa = PBXFileReference; lastKnownFileType = sourcecode.swift; path = Person.swift; sourceTree = "<group>"; };
		25C883A728D786B4002E5ED3 /* Contacts.swift */ = {isa = PBXFileReference; lastKnownFileType = sourcecode.swift; path = Contacts.swift; sourceTree = "<group>"; };
		25C883A928D786D5002E5ED3 /* Numbers.swift */ = {isa = PBXFileReference; lastKnownFileType = sourcecode.swift; path = Numbers.swift; sourceTree = "<group>"; };
/* End PBXFileReference section */

/* Begin PBXFrameworksBuildPhase section */
		25C8838D28D780B7002E5ED3 /* Frameworks */ = {
			isa = PBXFrameworksBuildPhase;
			buildActionMask = 2147483647;
			files = (
			);
			runOnlyForDeploymentPostprocessing = 0;
		};
/* End PBXFrameworksBuildPhase section */

/* Begin PBXGroup section */
		25C8838728D780B7002E5ED3 = {
			isa = PBXGroup;
			children = (
				25C8839228D780B7002E5ED3 /* PersonListSwiftUI */,
				25C8839128D780B7002E5ED3 /* Products */,
			);
			sourceTree = "<group>";
		};
		25C8839128D780B7002E5ED3 /* Products */ = {
			isa = PBXGroup;
			children = (
				25C8839028D780B7002E5ED3 /* PersonListSwiftUI.app */,
			);
			name = Products;
			sourceTree = "<group>";
		};
		25C8839228D780B7002E5ED3 /* PersonListSwiftUI */ = {
			isa = PBXGroup;
			children = (
				25C8839328D780B7002E5ED3 /* PersonListSwiftUIApp.swift */,
				25C8839528D780B7002E5ED3 /* ContentView.swift */,
				25C883A728D786B4002E5ED3 /* Contacts.swift */,
				25C883A928D786D5002E5ED3 /* Numbers.swift */,
				25C883A428D78391002E5ED3 /* Model */,
				25C883A128D78230002E5ED3 /* Service */,
				25C8839728D780B7002E5ED3 /* Assets.xcassets */,
				25C8839928D780B7002E5ED3 /* Preview Content */,
			);
			path = PersonListSwiftUI;
			sourceTree = "<group>";
		};
		25C8839928D780B7002E5ED3 /* Preview Content */ = {
			isa = PBXGroup;
			children = (
				25C8839A28D780B7002E5ED3 /* Preview Assets.xcassets */,
			);
			path = "Preview Content";
			sourceTree = "<group>";
		};
		25C883A128D78230002E5ED3 /* Service */ = {
			isa = PBXGroup;
			children = (
				25C883A228D7825A002E5ED3 /* DataManager.swift */,
			);
			path = Service;
			sourceTree = "<group>";
		};
		25C883A428D78391002E5ED3 /* Model */ = {
			isa = PBXGroup;
			children = (
				25C883A528D783B4002E5ED3 /* Person.swift */,
			);
			path = Model;
			sourceTree = "<group>";
		};
/* End PBXGroup section */

/* Begin PBXNativeTarget section */
		25C8838F28D780B7002E5ED3 /* PersonListSwiftUI */ = {
			isa = PBXNativeTarget;
			buildConfigurationList = 25C8839E28D780B7002E5ED3 /* Build configuration list for PBXNativeTarget "PersonListSwiftUI" */;
			buildPhases = (
				25C8838C28D780B7002E5ED3 /* Sources */,
				25C8838D28D780B7002E5ED3 /* Frameworks */,
				25C8838E28D780B7002E5ED3 /* Resources */,
			);
			buildRules = (
			);
			dependencies = (
			);
			name = PersonListSwiftUI;
			productName = PersonListSwiftUI;
			productReference = 25C8839028D780B7002E5ED3 /* PersonListSwiftUI.app */;
			productType = "com.apple.product-type.application";
		};
/* End PBXNativeTarget section */

/* Begin PBXProject section */
		25C8838828D780B7002E5ED3 /* Project object */ = {
			isa = PBXProject;
			attributes = {
				BuildIndependentTargetsInParallel = 1;
				LastSwiftUpdateCheck = 1340;
				LastUpgradeCheck = 1340;
				TargetAttributes = {
					25C8838F28D780B7002E5ED3 = {
						CreatedOnToolsVersion = 13.4.1;
					};
				};
			};
			buildConfigurationList = 25C8838B28D780B7002E5ED3 /* Build configuration list for PBXProject "PersonListSwiftUI" */;
			compatibilityVersion = "Xcode 13.0";
			developmentRegion = en;
			hasScannedForEncodings = 0;
			knownRegions = (
				en,
				Base,
			);
			mainGroup = 25C8838728D780B7002E5ED3;
			productRefGroup = 25C8839128D780B7002E5ED3 /* Products */;
			projectDirPath = "";
			projectRoot = "";
			targets = (
				25C8838F28D780B7002E5ED3 /* PersonListSwiftUI */,
			);
		};
/* End PBXProject section */

/* Begin PBXResourcesBuildPhase section */
		25C8838E28D780B7002E5ED3 /* Resources */ = {
			isa = PBXResourcesBuildPhase;
			buildActionMask = 2147483647;
			files = (
				25C8839B28D780B7002E5ED3 /* Preview Assets.xcassets in Resources */,
				25C8839828D780B7002E5ED3 /* Assets.xcassets in Resources */,
			);
			runOnlyForDeploymentPostprocessing = 0;
		};
/* End PBXResourcesBuildPhase section */

/* Begin PBXSourcesBuildPhase section */
		25C8838C28D780B7002E5ED3 /* Sources */ = {
			isa = PBXSourcesBuildPhase;
			buildActionMask = 2147483647;
			files = (
				25C8839628D780B7002E5ED3 /* ContentView.swift in Sources */,
				25C883A328D7825A002E5ED3 /* DataManager.swift in Sources */,
				25C883A628D783B4002E5ED3 /* Person.swift in Sources */,
				25C883A828D786B4002E5ED3 /* Contacts.swift in Sources */,
				25C883AA28D786D5002E5ED3 /* Numbers.swift in Sources */,
				25C8839428D780B7002E5ED3 /* PersonListSwiftUIApp.swift in Sources */,
			);
			runOnlyForDeploymentPostprocessing = 0;
		};
/* End PBXSourcesBuildPhase section */

/* Begin XCBuildConfiguration section */
		25C8839C28D780B7002E5ED3 /* Debug */ = {
			isa = XCBuildConfiguration;
			buildSettings = {
				ALWAYS_SEARCH_USER_PATHS = NO;
				CLANG_ANALYZER_NONNULL = YES;
				CLANG_ANALYZER_NUMBER_OBJECT_CONVERSION = YES_AGGRESSIVE;
				CLANG_CXX_LANGUAGE_STANDARD = "gnu++17";
				CLANG_ENABLE_MODULES = YES;
				CLANG_ENABLE_OBJC_ARC = YES;
				CLANG_ENABLE_OBJC_WEAK = YES;
				CLANG_WARN_BLOCK_CAPTURE_AUTORELEASING = YES;
				CLANG_WARN_BOOL_CONVERSION = YES;
				CLANG_WARN_COMMA = YES;
				CLANG_WARN_CONSTANT_CONVERSION = YES;
				CLANG_WARN_DEPRECATED_OBJC_IMPLEMENTATIONS = YES;
				CLANG_WARN_DIRECT_OBJC_ISA_USAGE = YES_ERROR;
				CLANG_WARN_DOCUMENTATION_COMMENTS = YES;
				CLANG_WARN_EMPTY_BODY = YES;
				CLANG_WARN_ENUM_CONVERSION = YES;
				CLANG_WARN_INFINITE_RECURSION = YES;
				CLANG_WARN_INT_CONVERSION = YES;
				CLANG_WARN_NON_LITERAL_NULL_CONVERSION = YES;
				CLANG_WARN_OBJC_IMPLICIT_RETAIN_SELF = YES;
				CLANG_WARN_OBJC_LITERAL_CONVERSION = YES;
				CLANG_WARN_OBJC_ROOT_CLASS = YES_ERROR;
				CLANG_WARN_QUOTED_INCLUDE_IN_FRAMEWORK_HEADER = YES;
				CLANG_WARN_RANGE_LOOP_ANALYSIS = YES;
				CLANG_WARN_STRICT_PROTOTYPES = YES;
				CLANG_WARN_SUSPICIOUS_MOVE = YES;
				CLANG_WARN_UNGUARDED_AVAILABILITY = YES_AGGRESSIVE;
				CLANG_WARN_UNREACHABLE_CODE = YES;
				CLANG_WARN__DUPLICATE_METHOD_MATCH = YES;
				COPY_PHASE_STRIP = NO;
				DEBUG_INFORMATION_FORMAT = dwarf;
				ENABLE_STRICT_OBJC_MSGSEND = YES;
				ENABLE_TESTABILITY = YES;
				GCC_C_LANGUAGE_STANDARD = gnu11;
				GCC_DYNAMIC_NO_PIC = NO;
				GCC_NO_COMMON_BLOCKS = YES;
				GCC_OPTIMIZATION_LEVEL = 0;
				GCC_PREPROCESSOR_DEFINITIONS = (
					"DEBUG=1",
					"$(inherited)",
				);
				GCC_WARN_64_TO_32_BIT_CONVERSION = YES;
				GCC_WARN_ABOUT_RETURN_TYPE = YES_ERROR;
				GCC_WARN_UNDECLARED_SELECTOR = YES;
				GCC_WARN_UNINITIALIZED_AUTOS = YES_AGGRESSIVE;
				GCC_WARN_UNUSED_FUNCTION = YES;
				GCC_WARN_UNUSED_VARIABLE = YES;
				IPHONEOS_DEPLOYMENT_TARGET = 15.5;
				MTL_ENABLE_DEBUG_INFO = INCLUDE_SOURCE;
				MTL_FAST_MATH = YES;
				ONLY_ACTIVE_ARCH = YES;
				SDKROOT = iphoneos;
				SWIFT_ACTIVE_COMPILATION_CONDITIONS = DEBUG;
				SWIFT_OPTIMIZATION_LEVEL = "-Onone";
			};
			name = Debug;
		};
		25C8839D28D780B7002E5ED3 /* Release */ = {
			isa = XCBuildConfiguration;
			buildSettings = {
				ALWAYS_SEARCH_USER_PATHS = NO;
				CLANG_ANALYZER_NONNULL = YES;
				CLANG_ANALYZER_NUMBER_OBJECT_CONVERSION = YES_AGGRESSIVE;
				CLANG_CXX_LANGUAGE_STANDARD = "gnu++17";
				CLANG_ENABLE_MODULES = YES;
				CLANG_ENABLE_OBJC_ARC = YES;
				CLANG_ENABLE_OBJC_WEAK = YES;
				CLANG_WARN_BLOCK_CAPTURE_AUTORELEASING = YES;
				CLANG_WARN_BOOL_CONVERSION = YES;
				CLANG_WARN_COMMA = YES;
				CLANG_WARN_CONSTANT_CONVERSION = YES;
				CLANG_WARN_DEPRECATED_OBJC_IMPLEMENTATIONS = YES;
				CLANG_WARN_DIRECT_OBJC_ISA_USAGE = YES_ERROR;
				CLANG_WARN_DOCUMENTATION_COMMENTS = YES;
				CLANG_WARN_EMPTY_BODY = YES;
				CLANG_WARN_ENUM_CONVERSION = YES;
				CLANG_WARN_INFINITE_RECURSION = YES;
				CLANG_WARN_INT_CONVERSION = YES;
				CLANG_WARN_NON_LITERAL_NULL_CONVERSION = YES;
				CLANG_WARN_OBJC_IMPLICIT_RETAIN_SELF = YES;
				CLANG_WARN_OBJC_LITERAL_CONVERSION = YES;
				CLANG_WARN_OBJC_ROOT_CLASS = YES_ERROR;
				CLANG_WARN_QUOTED_INCLUDE_IN_FRAMEWORK_HEADER = YES;
				CLANG_WARN_RANGE_LOOP_ANALYSIS = YES;
				CLANG_WARN_STRICT_PROTOTYPES = YES;
				CLANG_WARN_SUSPICIOUS_MOVE = YES;
				CLANG_WARN_UNGUARDED_AVAILABILITY = YES_AGGRESSIVE;
				CLANG_WARN_UNREACHABLE_CODE = YES;
				CLANG_WARN__DUPLICATE_METHOD_MATCH = YES;
				COPY_PHASE_STRIP = NO;
				DEBUG_INFORMATION_FORMAT = "dwarf-with-dsym";
				ENABLE_NS_ASSERTIONS = NO;
				ENABLE_STRICT_OBJC_MSGSEND = YES;
				GCC_C_LANGUAGE_STANDARD = gnu11;
				GCC_NO_COMMON_BLOCKS = YES;
				GCC_WARN_64_TO_32_BIT_CONVERSION = YES;
				GCC_WARN_ABOUT_RETURN_TYPE = YES_ERROR;
				GCC_WARN_UNDECLARED_SELECTOR = YES;
				GCC_WARN_UNINITIALIZED_AUTOS = YES_AGGRESSIVE;
				GCC_WARN_UNUSED_FUNCTION = YES;
				GCC_WARN_UNUSED_VARIABLE = YES;
				IPHONEOS_DEPLOYMENT_TARGET = 15.5;
				MTL_ENABLE_DEBUG_INFO = NO;
				MTL_FAST_MATH = YES;
				SDKROOT = iphoneos;
				SWIFT_COMPILATION_MODE = wholemodule;
				SWIFT_OPTIMIZATION_LEVEL = "-O";
				VALIDATE_PRODUCT = YES;
			};
			name = Release;
		};
		25C8839F28D780B7002E5ED3 /* Debug */ = {
			isa = XCBuildConfiguration;
			buildSettings = {
				ASSETCATALOG_COMPILER_APPICON_NAME = AppIcon;
				ASSETCATALOG_COMPILER_GLOBAL_ACCENT_COLOR_NAME = AccentColor;
				CODE_SIGN_STYLE = Automatic;
				CURRENT_PROJECT_VERSION = 1;
				DEVELOPMENT_ASSET_PATHS = "\"PersonListSwiftUI/Preview Content\"";
				DEVELOPMENT_TEAM = DWMGJ928Y5;
				ENABLE_PREVIEWS = YES;
				GENERATE_INFOPLIST_FILE = YES;
				INFOPLIST_KEY_UIApplicationSceneManifest_Generation = YES;
				INFOPLIST_KEY_UIApplicationSupportsIndirectInputEvents = YES;
				INFOPLIST_KEY_UILaunchScreen_Generation = YES;
				INFOPLIST_KEY_UISupportedInterfaceOrientations_iPad = "UIInterfaceOrientationPortrait UIInterfaceOrientationPortraitUpsideDown UIInterfaceOrientationLandscapeLeft UIInterfaceOrientationLandscapeRight";
				INFOPLIST_KEY_UISupportedInterfaceOrientations_iPhone = "UIInterfaceOrientationPortrait UIInterfaceOrientationLandscapeLeft UIInterfaceOrientationLandscapeRight";
				LD_RUNPATH_SEARCH_PATHS = (
					"$(inherited)",
					"@executable_path/Frameworks",
				);
				MARKETING_VERSION = 1.0;
				PRODUCT_BUNDLE_IDENTIFIER = JuliaRomanenko.PersonListSwiftUI;
				PRODUCT_NAME = "$(TARGET_NAME)";
				SWIFT_EMIT_LOC_STRINGS = YES;
				SWIFT_VERSION = 5.0;
				TARGETED_DEVICE_FAMILY = "1,2";
			};
			name = Debug;
		};
		25C883A028D780B7002E5ED3 /* Release */ = {
			isa = XCBuildConfiguration;
			buildSettings = {
				ASSETCATALOG_COMPILER_APPICON_NAME = AppIcon;
				ASSETCATALOG_COMPILER_GLOBAL_ACCENT_COLOR_NAME = AccentColor;
				CODE_SIGN_STYLE = Automatic;
				CURRENT_PROJECT_VERSION = 1;
				DEVELOPMENT_ASSET_PATHS = "\"PersonListSwiftUI/Preview Content\"";
				DEVELOPMENT_TEAM = DWMGJ928Y5;
				ENABLE_PREVIEWS = YES;
				GENERATE_INFOPLIST_FILE = YES;
				INFOPLIST_KEY_UIApplicationSceneManifest_Generation = YES;
				INFOPLIST_KEY_UIApplicationSupportsIndirectInputEvents = YES;
				INFOPLIST_KEY_UILaunchScreen_Generation = YES;
				INFOPLIST_KEY_UISupportedInterfaceOrientations_iPad = "UIInterfaceOrientationPortrait UIInterfaceOrientationPortraitUpsideDown UIInterfaceOrientationLandscapeLeft UIInterfaceOrientationLandscapeRight";
				INFOPLIST_KEY_UISupportedInterfaceOrientations_iPhone = "UIInterfaceOrientationPortrait UIInterfaceOrientationLandscapeLeft UIInterfaceOrientationLandscapeRight";
				LD_RUNPATH_SEARCH_PATHS = (
					"$(inherited)",
					"@executable_path/Frameworks",
				);
				MARKETING_VERSION = 1.0;
				PRODUCT_BUNDLE_IDENTIFIER = JuliaRomanenko.PersonListSwiftUI;
				PRODUCT_NAME = "$(TARGET_NAME)";
				SWIFT_EMIT_LOC_STRINGS = YES;
				SWIFT_VERSION = 5.0;
				TARGETED_DEVICE_FAMILY = "1,2";
			};
			name = Release;
		};
/* End XCBuildConfiguration section */

/* Begin XCConfigurationList section */
		25C8838B28D780B7002E5ED3 /* Build configuration list for PBXProject "PersonListSwiftUI" */ = {
			isa = XCConfigurationList;
			buildConfigurations = (
				25C8839C28D780B7002E5ED3 /* Debug */,
				25C8839D28D780B7002E5ED3 /* Release */,
			);
			defaultConfigurationIsVisible = 0;
			defaultConfigurationName = Release;
		};
		25C8839E28D780B7002E5ED3 /* Build configuration list for PBXNativeTarget "PersonListSwiftUI" */ = {
			isa = XCConfigurationList;
			buildConfigurations = (
				25C8839F28D780B7002E5ED3 /* Debug */,
				25C883A028D780B7002E5ED3 /* Release */,
			);
			defaultConfigurationIsVisible = 0;
			defaultConfigurationName = Release;
		};
/* End XCConfigurationList section */
	};
	rootObject = 25C8838828D780B7002E5ED3 /* Project object */;
}
